
Microsoft Visual Studio Solution File, Format Version 12.00
# Visual Studio Version 16
VisualStudioVersion = 16.0.30309.148
MinimumVisualStudioVersion = 10.0.40219.1
Project("{FAE04EC0-301F-11D3-BF4B-00C04F79EFBC}") = "day1session2", "day1session2\day1session2.csproj", "{BFC71A5C-1C58-44AD-92B9-8215F9E94323}"
EndProject
Global
	GlobalSection(SolutionConfigurationPlatforms) = preSolution
		Debug|Any CPU = Debug|Any CPU
		Release|Any CPU = Release|Any CPU
	EndGlobalSection
	GlobalSection(ProjectConfigurationPlatforms) = postSolution
		{BFC71A5C-1C58-44AD-92B9-8215F9E94323}.Debug|Any CPU.ActiveCfg = Debug|Any CPU
		{BFC71A5C-1C58-44AD-92B9-8215F9E94323}.Debug|Any CPU.Build.0 = Debug|Any CPU
		{BFC71A5C-1C58-44AD-92B9-8215F9E94323}.Release|Any CPU.ActiveCfg = Release|Any CPU
		{BFC71A5C-1C58-44AD-92B9-8215F9E94323}.Release|Any CPU.Build.0 = Release|Any CPU
	EndGlobalSection
	GlobalSection(SolutionProperties) = preSolution
		HideSolutionNode = FALSE
	EndGlobalSection
	GlobalSection(ExtensibilityGlobals) = postSolution
		SolutionGuid = {4EC23A0F-7F97-4813-909A-DA673E6C2ABE}
	EndGlobalSection
EndGlobal
